
Microsoft Visual Studio Solution File, Format Version 12.00
# Visual Studio Version 17
VisualStudioVersion = 17.1.32228.430
MinimumVisualStudioVersion = 10.0.40219.1
Project("{FAE04EC0-301F-11D3-BF4B-00C04F79EFBC}") = "GitHubTest", "GitHubTest\GitHubTest.csproj", "{BCACE694-BCE7-4954-9995-0C6A5E73A9CB}"
EndProject
Global
	GlobalSection(SolutionConfigurationPlatforms) = preSolution
		Debug|Any CPU = Debug|Any CPU
		Release|Any CPU = Release|Any CPU
	EndGlobalSection
	GlobalSection(ProjectConfigurationPlatforms) = postSolution
		{BCACE694-BCE7-4954-9995-0C6A5E73A9CB}.Debug|Any CPU.ActiveCfg = Debug|Any CPU
		{BCACE694-BCE7-4954-9995-0C6A5E73A9CB}.Debug|Any CPU.Build.0 = Debug|Any CPU
		{BCACE694-BCE7-4954-9995-0C6A5E73A9CB}.Release|Any CPU.ActiveCfg = Release|Any CPU
		{BCACE694-BCE7-4954-9995-0C6A5E73A9CB}.Release|Any CPU.Build.0 = Release|Any CPU
	EndGlobalSection
	GlobalSection(SolutionProperties) = preSolution
		HideSolutionNode = FALSE
	EndGlobalSection
	GlobalSection(ExtensibilityGlobals) = postSolution
		SolutionGuid = {6917A282-7810-47BD-9A97-B2ABD93C2BD3}
	EndGlobalSection
EndGlobal
